
Microsoft Visual Studio Solution File, Format Version 12.00
# Visual Studio Version 16
VisualStudioVersion = 16.0.29326.143
MinimumVisualStudioVersion = 10.0.40219.1
Project("{9A19103F-16F7-4668-BE54-9A1E7A4F7556}") = "ubicomp_lab", "WebAPI\ubicomp_lab.csproj", "{D716951D-1124-475E-B099-238E72694A13}"
EndProject
Project("{FAE04EC0-301F-11D3-BF4B-00C04F79EFBC}") = "ClientTest", "ClientTest\ClientTest.csproj", "{8DC3090D-9779-423E-9683-AE0861FD5654}"
EndProject
Global
	GlobalSection(SolutionConfigurationPlatforms) = preSolution
		Debug|Any CPU = Debug|Any CPU
		Release|Any CPU = Release|Any CPU
	EndGlobalSection
	GlobalSection(ProjectConfigurationPlatforms) = postSolution
		{D716951D-1124-475E-B099-238E72694A13}.Debug|Any CPU.ActiveCfg = Debug|Any CPU
		{D716951D-1124-475E-B099-238E72694A13}.Debug|Any CPU.Build.0 = Debug|Any CPU
		{D716951D-1124-475E-B099-238E72694A13}.Release|Any CPU.ActiveCfg = Release|Any CPU
		{D716951D-1124-475E-B099-238E72694A13}.Release|Any CPU.Build.0 = Release|Any CPU
		{8DC3090D-9779-423E-9683-AE0861FD5654}.Debug|Any CPU.ActiveCfg = Debug|Any CPU
		{8DC3090D-9779-423E-9683-AE0861FD5654}.Debug|Any CPU.Build.0 = Debug|Any CPU
		{8DC3090D-9779-423E-9683-AE0861FD5654}.Release|Any CPU.ActiveCfg = Release|Any CPU
		{8DC3090D-9779-423E-9683-AE0861FD5654}.Release|Any CPU.Build.0 = Release|Any CPU
	EndGlobalSection
	GlobalSection(SolutionProperties) = preSolution
		HideSolutionNode = FALSE
	EndGlobalSection
	GlobalSection(ExtensibilityGlobals) = postSolution
		SolutionGuid = {04BEAB22-DE03-46E8-8744-802B09EB54FF}
	EndGlobalSection
EndGlobal
